PODS:
  - AFNetworking (2.5.2):
    - AFNetworking/NSURLConnection (= 2.5.2)
    - AFNetworking/NSURLSession (= 2.5.2)
    - AFNetworking/Reachability (= 2.5.2)
    - AFNetworking/Security (= 2.5.2)
    - AFNetworking/Serialization (= 2.5.2)
    - AFNetworking/UIKit (= 2.5.2)
  - AFNetworking/NSURLConnection (2.5.2):
    - AFNetworking/Reachability
    - AFNetworking/Security
    - AFNetworking/Serialization
  - AFNetworking/NSURLSession (2.5.2):
    - AFNetworking/Reachability
    - AFNetworking/Security
    - AFNetworking/Serialization
  - AFNetworking/Reachability (2.5.2)
  - AFNetworking/Security (2.5.2)
  - AFNetworking/Serialization (2.5.2)
  - AFNetworking/UIKit (2.5.2):
    - AFNetworking/NSURLConnection
    - AFNetworking/NSURLSession
  - AFOnoResponseSerializer (1.0.0):
    - AFNetworking (~> 2.2)
    - Ono (~> 1.0)
  - ARAnalytics/CoreIOS (3.0.0)
  - ARAnalytics/DSL (3.0.0):
    - ReactiveCocoa (= 2.3)
    - RSSwizzle (~> 0.1.0)
  - ARAnalytics/Mixpanel (3.0.0):
    - ARAnalytics/CoreIOS
    - Mixpanel
  - CBStoreHouseRefreshControl (1.0)
  - Keys (1.0.0)
  - MarqueeLabel (2.2.1)
  - Mixpanel (2.7.3):
    - Mixpanel/MPCategoryHelpers (= 2.7.3)
  - Mixpanel/MPCategoryHelpers (2.7.3)
  - NSObject+Rx (1.2.1):
    - RxSwift (~> 2.1)
  - Ono (1.2.1)
  - ReactiveCocoa (2.3):
    - ReactiveCocoa/UI (= 2.3)
  - ReactiveCocoa/Core (2.3):
    - ReactiveCocoa/no-arc
  - ReactiveCocoa/no-arc (2.3)
  - ReactiveCocoa/UI (2.3):
    - ReactiveCocoa/Core
  - RSSwizzle (0.1.0)
  - RxCocoa (2.2.0):
    - RxSwift (~> 2.2)
  - RxSwift (2.2.0)
  - SDCSegmentedViewController (1.6)
  - SimulatorStatusMagic (1.4)

DEPENDENCIES:
  - AFNetworking (~> 2.5.0)
  - AFOnoResponseSerializer
  - ARAnalytics/DSL
  - ARAnalytics/Mixpanel
  - CBStoreHouseRefreshControl
  - Keys (from `Pods/CocoaPodsKeys`)
  - MarqueeLabel
  - NSObject+Rx
  - Ono
  - RxCocoa
  - RxSwift (~> 2.0)
  - SDCSegmentedViewController
  - SimulatorStatusMagic

EXTERNAL SOURCES:
  Keys:
    :path: Pods/CocoaPodsKeys

SPEC CHECKSUMS:
  AFNetworking: fefbce9660acb17f48ae0011292d4da0f457bf36
  AFOnoResponseSerializer: c02c8bef1d6742ac68f33ecaed41826c9657bc33
  ARAnalytics: 9669efd110dd9a92c0b3f6e073f01f8eec9a8a21
  CBStoreHouseRefreshControl: a814bd725e74ff4c1e8dd96eb02358199b0da04f
  Keys: 7d2ff6ff42f6903358267ce56e9392f83c31acfe
  MarqueeLabel: c024bab67a1558e8e127132be3b6d66a702405fe
  Mixpanel: 1d387d76800e07e953958c62c97fea27f13632dd
  NSObject+Rx: 5d032a7f161602dec6b82dcf12731e91ce15b8da
  Ono: 1122212de602280cc7af19d7ab12ee98a3fc0339
  ReactiveCocoa: 81ee2fb7df2dfc6bd52b5d70473662195e20ca7d
  RSSwizzle: d561958f595028bfcef98c7d55c318b3878a61c6
  RxCocoa: 42efb7a7145a8d1d5878e94ce48a580d29e0c796
  RxSwift: b8a749f2204c6c7a5c29b306a9c3bc11d5b87c5b
  SDCSegmentedViewController: 10115e887dd94e32abde74e1ee32eaeb44812299
  SimulatorStatusMagic: dd84bf4fba55e0e4dea8eb2af1d20dab377be8c1

COCOAPODS: 0.39.0
