// !$*UTF8*$!
{
	archiveVersion = 1;
	classes = {
	};
	objectVersion = 46;
	objects = {

/* Begin PBXBuildFile section */
		010F292B17E21AE900DC3631 /* iTunesArtwork.png in Resources */ = {isa = PBXBuildFile; fileRef = 010F292117E21AE900DC3631 /* iTunesArtwork.png */; };
		010F292C17E21AE900DC3631 /* iTunesArtwork@2x.png in Resources */ = {isa = PBXBuildFile; fileRef = 010F292217E21AE900DC3631 /* iTunesArtwork@2x.png */; };
		010F292E17E21F1400DC3631 /* Icon.png in Resources */ = {isa = PBXBuildFile; fileRef = 010F292D17E21F1400DC3631 /* Icon.png */; };
		010F293017E21F1600DC3631 /* Icon@2x.png in Resources */ = {isa = PBXBuildFile; fileRef = 010F292F17E21F1600DC3631 /* Icon@2x.png */; };
		011FECDA1836A2B6009B5BFA /* Show.m in Sources */ = {isa = PBXBuildFile; fileRef = 011FECD91836A2B6009B5BFA /* Show.m */; };
		011FECDD1836A506009B5BFA /* ShowsTableViewController.m in Sources */ = {isa = PBXBuildFile; fileRef = 011FECDC1836A506009B5BFA /* ShowsTableViewController.m */; };
		011FECE01836A531009B5BFA /* DisplayViewController.m in Sources */ = {isa = PBXBuildFile; fileRef = 011FECDF1836A531009B5BFA /* DisplayViewController.m */; };
		01418A9717DFA24B006F9EB4 /* FavoritesViewController.m in Sources */ = {isa = PBXBuildFile; fileRef = 01418A9617DFA24B006F9EB4 /* FavoritesViewController.m */; };
		01418A9A17DFA378006F9EB4 /* HomeViewController.m in Sources */ = {isa = PBXBuildFile; fileRef = 01418A9917DFA378006F9EB4 /* HomeViewController.m */; };
		015B6382183B274F00942BE5 /* PlaylistsTableViewController.m in Sources */ = {isa = PBXBuildFile; fileRef = 015B6381183B274F00942BE5 /* PlaylistsTableViewController.m */; };
		0170903A17DBA8F80005EC0F /* UIKit.framework in Frameworks */ = {isa = PBXBuildFile; fileRef = 0170903917DBA8F80005EC0F /* UIKit.framework */; };
		0170903C17DBA8F80005EC0F /* Foundation.framework in Frameworks */ = {isa = PBXBuildFile; fileRef = 0170903B17DBA8F80005EC0F /* Foundation.framework */; };
		0170903E17DBA8F80005EC0F /* CoreGraphics.framework in Frameworks */ = {isa = PBXBuildFile; fileRef = 0170903D17DBA8F80005EC0F /* CoreGraphics.framework */; };
		0170904417DBA8F80005EC0F /* InfoPlist.strings in Resources */ = {isa = PBXBuildFile; fileRef = 0170904217DBA8F80005EC0F /* InfoPlist.strings */; };
		0170904617DBA8F80005EC0F /* main.m in Sources */ = {isa = PBXBuildFile; fileRef = 0170904517DBA8F80005EC0F /* main.m */; };
		0170904A17DBA8F80005EC0F /* AppDelegate.m in Sources */ = {isa = PBXBuildFile; fileRef = 0170904917DBA8F80005EC0F /* AppDelegate.m */; };
		0170904C17DBA8F80005EC0F /* Default.png in Resources */ = {isa = PBXBuildFile; fileRef = 0170904B17DBA8F80005EC0F /* Default.png */; };
		0170904E17DBA8F80005EC0F /* Default@2x.png in Resources */ = {isa = PBXBuildFile; fileRef = 0170904D17DBA8F80005EC0F /* Default@2x.png */; };
		0170905017DBA8F80005EC0F /* Default-568h@2x.png in Resources */ = {isa = PBXBuildFile; fileRef = 0170904F17DBA8F80005EC0F /* Default-568h@2x.png */; };
		0170905317DBA8F80005EC0F /* MainStoryboard.storyboard in Resources */ = {isa = PBXBuildFile; fileRef = 0170905117DBA8F80005EC0F /* MainStoryboard.storyboard */; };
		0170905817DBA8F80005EC0F /* first.png in Resources */ = {isa = PBXBuildFile; fileRef = 0170905717DBA8F80005EC0F /* first.png */; };
		0170905A17DBA8F80005EC0F /* first@2x.png in Resources */ = {isa = PBXBuildFile; fileRef = 0170905917DBA8F80005EC0F /* first@2x.png */; };
		0170905F17DBA8F80005EC0F /* second.png in Resources */ = {isa = PBXBuildFile; fileRef = 0170905E17DBA8F80005EC0F /* second.png */; };
		0170906117DBA8F80005EC0F /* second@2x.png in Resources */ = {isa = PBXBuildFile; fileRef = 0170906017DBA8F80005EC0F /* second@2x.png */; };
		0170906917DBA8F80005EC0F /* SenTestingKit.framework in Frameworks */ = {isa = PBXBuildFile; fileRef = 0170906817DBA8F80005EC0F /* SenTestingKit.framework */; };
		0170906A17DBA8F80005EC0F /* UIKit.framework in Frameworks */ = {isa = PBXBuildFile; fileRef = 0170903917DBA8F80005EC0F /* UIKit.framework */; };
		0170906B17DBA8F80005EC0F /* Foundation.framework in Frameworks */ = {isa = PBXBuildFile; fileRef = 0170903B17DBA8F80005EC0F /* Foundation.framework */; };
		0170907317DBA8F80005EC0F /* InfoPlist.strings in Resources */ = {isa = PBXBuildFile; fileRef = 0170907117DBA8F80005EC0F /* InfoPlist.strings */; };
		0170907617DBA8F80005EC0F /* WRUWTests.m in Sources */ = {isa = PBXBuildFile; fileRef = 0170907517DBA8F80005EC0F /* WRUWTests.m */; };
		019316D9183B5731007755E8 /* ArchiveTableViewController.m in Sources */ = {isa = PBXBuildFile; fileRef = 019316D8183B5731007755E8 /* ArchiveTableViewController.m */; };
		019316DC183B5E67007755E8 /* Song.m in Sources */ = {isa = PBXBuildFile; fileRef = 019316DB183B5E67007755E8 /* Song.m */; };
		01947CC717E22A4000173474 /* Default-568h@2x.png in Resources */ = {isa = PBXBuildFile; fileRef = 01947CC617E22A4000173474 /* Default-568h@2x.png */; };
		01947CC917E2389500173474 /* Default.png in Resources */ = {isa = PBXBuildFile; fileRef = 01947CC817E2389500173474 /* Default.png */; };
		01947CCB17E238A400173474 /* Default@2x.png in Resources */ = {isa = PBXBuildFile; fileRef = 01947CCA17E238A400173474 /* Default@2x.png */; };
		01CAC82E17DFAD6500057340 /* heart_48.png in Resources */ = {isa = PBXBuildFile; fileRef = 01CAC82A17DFAD6500057340 /* heart_48.png */; };
		01CAC82F17DFAD6500057340 /* heart_64.png in Resources */ = {isa = PBXBuildFile; fileRef = 01CAC82B17DFAD6500057340 /* heart_64.png */; };
		01CAC83017DFAD6500057340 /* home_48.png in Resources */ = {isa = PBXBuildFile; fileRef = 01CAC82C17DFAD6500057340 /* home_48.png */; };
		01CAC83117DFAD6500057340 /* home_64.png in Resources */ = {isa = PBXBuildFile; fileRef = 01CAC82D17DFAD6500057340 /* home_64.png */; };
		01CAC83417DFADC300057340 /* heart_24.png in Resources */ = {isa = PBXBuildFile; fileRef = 01CAC83217DFADC300057340 /* heart_24.png */; };
		01CAC83517DFADC300057340 /* home_24.png in Resources */ = {isa = PBXBuildFile; fileRef = 01CAC83317DFADC300057340 /* home_24.png */; };
		01CC43D817DBC685004916EA /* AVFoundation.framework in Frameworks */ = {isa = PBXBuildFile; fileRef = 01CC43D717DBC685004916EA /* AVFoundation.framework */; };
		01CFAA56183BA0C200535F96 /* SongTableViewCell.m in Sources */ = {isa = PBXBuildFile; fileRef = 01CFAA55183BA0C200535F96 /* SongTableViewCell.m */; };
		01CFAA58183BA0ED00535F96 /* SongTableViewCell.xib in Resources */ = {isa = PBXBuildFile; fileRef = 01CFAA57183BA0ED00535F96 /* SongTableViewCell.xib */; };
		01F40DC018396A7800BFA783 /* CoreMedia.framework in Frameworks */ = {isa = PBXBuildFile; fileRef = 01F40DBF18396A7800BFA783 /* CoreMedia.framework */; };
		01F40DC218396A8900BFA783 /* AVFoundation.framework in Frameworks */ = {isa = PBXBuildFile; fileRef = 01F40DC118396A8900BFA783 /* AVFoundation.framework */; };
		01F40DC418396A9200BFA783 /* MediaPlayer.framework in Frameworks */ = {isa = PBXBuildFile; fileRef = 01F40DC318396A9200BFA783 /* MediaPlayer.framework */; };
		01F40DC618396DB000BFA783 /* 01 Twin Peaks Theme.mp3 in Resources */ = {isa = PBXBuildFile; fileRef = 01F40DC518396DB000BFA783 /* 01 Twin Peaks Theme.mp3 */; };
		01F40DC818396DD800BFA783 /* 1-03 Tribulations.mp3 in Resources */ = {isa = PBXBuildFile; fileRef = 01F40DC718396DD800BFA783 /* 1-03 Tribulations.mp3 */; };
		01F40DCB18398F1500BFA783 /* Playlist.m in Sources */ = {isa = PBXBuildFile; fileRef = 01F40DCA18398F1500BFA783 /* Playlist.m */; };
		01F981A6183537B20069C241 /* TFHpple.m in Sources */ = {isa = PBXBuildFile; fileRef = 01F981A1183537B20069C241 /* TFHpple.m */; };
		01F981A7183537B20069C241 /* TFHppleElement.m in Sources */ = {isa = PBXBuildFile; fileRef = 01F981A3183537B20069C241 /* TFHppleElement.m */; };
		01F981A8183537B20069C241 /* XPathQuery.m in Sources */ = {isa = PBXBuildFile; fileRef = 01F981A5183537B20069C241 /* XPathQuery.m */; };
		01F981AA183538D10069C241 /* libxml2.dylib in Frameworks */ = {isa = PBXBuildFile; fileRef = 01F981A9183538D10069C241 /* libxml2.dylib */; };
		01FB78A3183EA7EE0088C972 /* facebook.png in Resources */ = {isa = PBXBuildFile; fileRef = 01FB78A1183EA7EE0088C972 /* facebook.png */; };
		01FB78A4183EA7EE0088C972 /* twitter.png in Resources */ = {isa = PBXBuildFile; fileRef = 01FB78A2183EA7EE0088C972 /* twitter.png */; };
		01FB78A6183EA89A0088C972 /* magnifier_48.png in Resources */ = {isa = PBXBuildFile; fileRef = 01FB78A5183EA89A0088C972 /* magnifier_48.png */; };
/* End PBXBuildFile section */

/* Begin PBXContainerItemProxy section */
		0170906C17DBA8F80005EC0F /* PBXContainerItemProxy */ = {
			isa = PBXContainerItemProxy;
			containerPortal = 0170902E17DBA8F80005EC0F /* Project object */;
			proxyType = 1;
			remoteGlobalIDString = 0170903517DBA8F80005EC0F;
			remoteInfo = WRUW;
		};
/* End PBXContainerItemProxy section */

/* Begin PBXFileReference section */
		010F292117E21AE900DC3631 /* iTunesArtwork.png */ = {isa = PBXFileReference; lastKnownFileType = image.png; path = iTunesArtwork.png; sourceTree = "<group>"; };
		010F292217E21AE900DC3631 /* iTunesArtwork@2x.png */ = {isa = PBXFileReference; lastKnownFileType = image.png; path = "iTunesArtwork@2x.png"; sourceTree = "<group>"; };
		010F292D17E21F1400DC3631 /* Icon.png */ = {isa = PBXFileReference; lastKnownFileType = image.png; name = Icon.png; path = ../../Icon.png; sourceTree = "<group>"; };
		010F292F17E21F1600DC3631 /* Icon@2x.png */ = {isa = PBXFileReference; lastKnownFileType = image.png; name = "Icon@2x.png"; path = "../../Icon@2x.png"; sourceTree = "<group>"; };
		011FECD81836A2B6009B5BFA /* Show.h */ = {isa = PBXFileReference; fileEncoding = 4; lastKnownFileType = sourcecode.c.h; path = Show.h; sourceTree = "<group>"; };
		011FECD91836A2B6009B5BFA /* Show.m */ = {isa = PBXFileReference; fileEncoding = 4; lastKnownFileType = sourcecode.c.objc; path = Show.m; sourceTree = "<group>"; };
		011FECDB1836A506009B5BFA /* ShowsTableViewController.h */ = {isa = PBXFileReference; fileEncoding = 4; lastKnownFileType = sourcecode.c.h; path = ShowsTableViewController.h; sourceTree = "<group>"; };
		011FECDC1836A506009B5BFA /* ShowsTableViewController.m */ = {isa = PBXFileReference; fileEncoding = 4; lastKnownFileType = sourcecode.c.objc; path = ShowsTableViewController.m; sourceTree = "<group>"; };
		011FECDE1836A531009B5BFA /* DisplayViewController.h */ = {isa = PBXFileReference; fileEncoding = 4; lastKnownFileType = sourcecode.c.h; path = DisplayViewController.h; sourceTree = "<group>"; };
		011FECDF1836A531009B5BFA /* DisplayViewController.m */ = {isa = PBXFileReference; fileEncoding = 4; lastKnownFileType = sourcecode.c.objc; path = DisplayViewController.m; sourceTree = "<group>"; };
		01418A9517DFA24B006F9EB4 /* FavoritesViewController.h */ = {isa = PBXFileReference; fileEncoding = 4; lastKnownFileType = sourcecode.c.h; path = FavoritesViewController.h; sourceTree = "<group>"; };
		01418A9617DFA24B006F9EB4 /* FavoritesViewController.m */ = {isa = PBXFileReference; fileEncoding = 4; lastKnownFileType = sourcecode.c.objc; path = FavoritesViewController.m; sourceTree = "<group>"; };
		01418A9817DFA378006F9EB4 /* HomeViewController.h */ = {isa = PBXFileReference; fileEncoding = 4; lastKnownFileType = sourcecode.c.h; path = HomeViewController.h; sourceTree = "<group>"; };
		01418A9917DFA378006F9EB4 /* HomeViewController.m */ = {isa = PBXFileReference; fileEncoding = 4; lastKnownFileType = sourcecode.c.objc; path = HomeViewController.m; sourceTree = "<group>"; };
		015B6380183B274F00942BE5 /* PlaylistsTableViewController.h */ = {isa = PBXFileReference; fileEncoding = 4; lastKnownFileType = sourcecode.c.h; path = PlaylistsTableViewController.h; sourceTree = "<group>"; };
		015B6381183B274F00942BE5 /* PlaylistsTableViewController.m */ = {isa = PBXFileReference; fileEncoding = 4; lastKnownFileType = sourcecode.c.objc; path = PlaylistsTableViewController.m; sourceTree = "<group>"; };
		0170903617DBA8F80005EC0F /* WRUW.app */ = {isa = PBXFileReference; explicitFileType = wrapper.application; includeInIndex = 0; path = WRUW.app; sourceTree = BUILT_PRODUCTS_DIR; };
		0170903917DBA8F80005EC0F /* UIKit.framework */ = {isa = PBXFileReference; lastKnownFileType = wrapper.framework; name = UIKit.framework; path = System/Library/Frameworks/UIKit.framework; sourceTree = SDKROOT; };
		0170903B17DBA8F80005EC0F /* Foundation.framework */ = {isa = PBXFileReference; lastKnownFileType = wrapper.framework; name = Foundation.framework; path = System/Library/Frameworks/Foundation.framework; sourceTree = SDKROOT; };
		0170903D17DBA8F80005EC0F /* CoreGraphics.framework */ = {isa = PBXFileReference; lastKnownFileType = wrapper.framework; name = CoreGraphics.framework; path = System/Library/Frameworks/CoreGraphics.framework; sourceTree = SDKROOT; };
		0170904117DBA8F80005EC0F /* WRUW-Info.plist */ = {isa = PBXFileReference; lastKnownFileType = text.plist.xml; path = "WRUW-Info.plist"; sourceTree = "<group>"; };
		0170904317DBA8F80005EC0F /* en */ = {isa = PBXFileReference; lastKnownFileType = text.plist.strings; name = en; path = en.lproj/InfoPlist.strings; sourceTree = "<group>"; };
		0170904517DBA8F80005EC0F /* main.m */ = {isa = PBXFileReference; lastKnownFileType = sourcecode.c.objc; path = main.m; sourceTree = "<group>"; };
		0170904717DBA8F80005EC0F /* WRUW-Prefix.pch */ = {isa = PBXFileReference; lastKnownFileType = sourcecode.c.h; path = "WRUW-Prefix.pch"; sourceTree = "<group>"; };
		0170904817DBA8F80005EC0F /* AppDelegate.h */ = {isa = PBXFileReference; lastKnownFileType = sourcecode.c.h; path = AppDelegate.h; sourceTree = "<group>"; };
		0170904917DBA8F80005EC0F /* AppDelegate.m */ = {isa = PBXFileReference; lastKnownFileType = sourcecode.c.objc; path = AppDelegate.m; sourceTree = "<group>"; };
		0170904B17DBA8F80005EC0F /* Default.png */ = {isa = PBXFileReference; lastKnownFileType = image.png; path = Default.png; sourceTree = "<group>"; };
		0170904D17DBA8F80005EC0F /* Default@2x.png */ = {isa = PBXFileReference; lastKnownFileType = image.png; path = "Default@2x.png"; sourceTree = "<group>"; };
		0170904F17DBA8F80005EC0F /* Default-568h@2x.png */ = {isa = PBXFileReference; lastKnownFileType = image.png; path = "Default-568h@2x.png"; sourceTree = "<group>"; };
		0170905217DBA8F80005EC0F /* en */ = {isa = PBXFileReference; lastKnownFileType = file.storyboard; name = en; path = en.lproj/MainStoryboard.storyboard; sourceTree = "<group>"; };
		0170905717DBA8F80005EC0F /* first.png */ = {isa = PBXFileReference; lastKnownFileType = image.png; name = first.png; path = ../first.png; sourceTree = "<group>"; };
		0170905917DBA8F80005EC0F /* first@2x.png */ = {isa = PBXFileReference; lastKnownFileType = image.png; name = "first@2x.png"; path = "../first@2x.png"; sourceTree = "<group>"; };
		0170905E17DBA8F80005EC0F /* second.png */ = {isa = PBXFileReference; lastKnownFileType = image.png; name = second.png; path = ../second.png; sourceTree = "<group>"; };
		0170906017DBA8F80005EC0F /* second@2x.png */ = {isa = PBXFileReference; lastKnownFileType = image.png; name = "second@2x.png"; path = "../second@2x.png"; sourceTree = "<group>"; };
		0170906717DBA8F80005EC0F /* WRUWTests.octest */ = {isa = PBXFileReference; explicitFileType = wrapper.cfbundle; includeInIndex = 0; path = WRUWTests.octest; sourceTree = BUILT_PRODUCTS_DIR; };
		0170906817DBA8F80005EC0F /* SenTestingKit.framework */ = {isa = PBXFileReference; lastKnownFileType = wrapper.framework; name = SenTestingKit.framework; path = Library/Frameworks/SenTestingKit.framework; sourceTree = DEVELOPER_DIR; };
		0170907017DBA8F80005EC0F /* WRUWTests-Info.plist */ = {isa = PBXFileReference; lastKnownFileType = text.plist.xml; path = "WRUWTests-Info.plist"; sourceTree = "<group>"; };
		0170907217DBA8F80005EC0F /* en */ = {isa = PBXFileReference; lastKnownFileType = text.plist.strings; name = en; path = en.lproj/InfoPlist.strings; sourceTree = "<group>"; };
		0170907417DBA8F80005EC0F /* WRUWTests.h */ = {isa = PBXFileReference; lastKnownFileType = sourcecode.c.h; path = WRUWTests.h; sourceTree = "<group>"; };
		0170907517DBA8F80005EC0F /* WRUWTests.m */ = {isa = PBXFileReference; lastKnownFileType = sourcecode.c.objc; path = WRUWTests.m; sourceTree = "<group>"; };
		019316D7183B5731007755E8 /* ArchiveTableViewController.h */ = {isa = PBXFileReference; fileEncoding = 4; lastKnownFileType = sourcecode.c.h; path = ArchiveTableViewController.h; sourceTree = "<group>"; };
		019316D8183B5731007755E8 /* ArchiveTableViewController.m */ = {isa = PBXFileReference; fileEncoding = 4; lastKnownFileType = sourcecode.c.objc; path = ArchiveTableViewController.m; sourceTree = "<group>"; };
		019316DA183B5E67007755E8 /* Song.h */ = {isa = PBXFileReference; fileEncoding = 4; lastKnownFileType = sourcecode.c.h; path = Song.h; sourceTree = "<group>"; };
		019316DB183B5E67007755E8 /* Song.m */ = {isa = PBXFileReference; fileEncoding = 4; lastKnownFileType = sourcecode.c.objc; path = Song.m; sourceTree = "<group>"; };
		01947CC617E22A4000173474 /* Default-568h@2x.png */ = {isa = PBXFileReference; lastKnownFileType = image.png; name = "Default-568h@2x.png"; path = "../../Default-568h@2x.png"; sourceTree = "<group>"; };
		01947CC817E2389500173474 /* Default.png */ = {isa = PBXFileReference; lastKnownFileType = image.png; name = Default.png; path = ../../Default.png; sourceTree = "<group>"; };
		01947CCA17E238A400173474 /* Default@2x.png */ = {isa = PBXFileReference; lastKnownFileType = image.png; name = "Default@2x.png"; path = "../../Default@2x.png"; sourceTree = "<group>"; };
		01CAC82A17DFAD6500057340 /* heart_48.png */ = {isa = PBXFileReference; lastKnownFileType = image.png; name = heart_48.png; path = "../../../TWG Retina Icons/heart_48.png"; sourceTree = "<group>"; };
		01CAC82B17DFAD6500057340 /* heart_64.png */ = {isa = PBXFileReference; lastKnownFileType = image.png; name = heart_64.png; path = "../../../TWG Retina Icons/heart_64.png"; sourceTree = "<group>"; };
		01CAC82C17DFAD6500057340 /* home_48.png */ = {isa = PBXFileReference; lastKnownFileType = image.png; name = home_48.png; path = "../../../TWG Retina Icons/home_48.png"; sourceTree = "<group>"; };
		01CAC82D17DFAD6500057340 /* home_64.png */ = {isa = PBXFileReference; lastKnownFileType = image.png; name = home_64.png; path = "../../../TWG Retina Icons/home_64.png"; sourceTree = "<group>"; };
		01CAC83217DFADC300057340 /* heart_24.png */ = {isa = PBXFileReference; lastKnownFileType = image.png; name = heart_24.png; path = "../../../TWG Retina Icons/heart_24.png"; sourceTree = "<group>"; };
		01CAC83317DFADC300057340 /* home_24.png */ = {isa = PBXFileReference; lastKnownFileType = image.png; name = home_24.png; path = "../../../TWG Retina Icons/home_24.png"; sourceTree = "<group>"; };
		01CC43D717DBC685004916EA /* AVFoundation.framework */ = {isa = PBXFileReference; lastKnownFileType = wrapper.framework; name = AVFoundation.framework; path = /System/Library/Frameworks/AVFoundation.framework; sourceTree = "<absolute>"; };
		01CFAA54183BA0C200535F96 /* SongTableViewCell.h */ = {isa = PBXFileReference; fileEncoding = 4; lastKnownFileType = sourcecode.c.h; path = SongTableViewCell.h; sourceTree = "<group>"; };
		01CFAA55183BA0C200535F96 /* SongTableViewCell.m */ = {isa = PBXFileReference; fileEncoding = 4; lastKnownFileType = sourcecode.c.objc; path = SongTableViewCell.m; sourceTree = "<group>"; };
		01CFAA57183BA0ED00535F96 /* SongTableViewCell.xib */ = {isa = PBXFileReference; fileEncoding = 4; lastKnownFileType = file.xib; path = SongTableViewCell.xib; sourceTree = "<group>"; };
		01F40DBF18396A7800BFA783 /* CoreMedia.framework */ = {isa = PBXFileReference; lastKnownFileType = wrapper.framework; name = CoreMedia.framework; path = System/Library/Frameworks/CoreMedia.framework; sourceTree = SDKROOT; };
		01F40DC118396A8900BFA783 /* AVFoundation.framework */ = {isa = PBXFileReference; lastKnownFileType = wrapper.framework; name = AVFoundation.framework; path = System/Library/Frameworks/AVFoundation.framework; sourceTree = SDKROOT; };
		01F40DC318396A9200BFA783 /* MediaPlayer.framework */ = {isa = PBXFileReference; lastKnownFileType = wrapper.framework; name = MediaPlayer.framework; path = System/Library/Frameworks/MediaPlayer.framework; sourceTree = SDKROOT; };
		01F40DC518396DB000BFA783 /* 01 Twin Peaks Theme.mp3 */ = {isa = PBXFileReference; lastKnownFileType = audio.mp3; path = "01 Twin Peaks Theme.mp3"; sourceTree = "<group>"; };
		01F40DC718396DD800BFA783 /* 1-03 Tribulations.mp3 */ = {isa = PBXFileReference; lastKnownFileType = audio.mp3; path = "1-03 Tribulations.mp3"; sourceTree = "<group>"; };
		01F40DC918398F1500BFA783 /* Playlist.h */ = {isa = PBXFileReference; fileEncoding = 4; lastKnownFileType = sourcecode.c.h; path = Playlist.h; sourceTree = "<group>"; };
		01F40DCA18398F1500BFA783 /* Playlist.m */ = {isa = PBXFileReference; fileEncoding = 4; lastKnownFileType = sourcecode.c.objc; path = Playlist.m; sourceTree = "<group>"; };
		01F981A0183537B20069C241 /* TFHpple.h */ = {isa = PBXFileReference; fileEncoding = 4; lastKnownFileType = sourcecode.c.h; path = TFHpple.h; sourceTree = "<group>"; };
		01F981A1183537B20069C241 /* TFHpple.m */ = {isa = PBXFileReference; fileEncoding = 4; lastKnownFileType = sourcecode.c.objc; path = TFHpple.m; sourceTree = "<group>"; };
		01F981A2183537B20069C241 /* TFHppleElement.h */ = {isa = PBXFileReference; fileEncoding = 4; lastKnownFileType = sourcecode.c.h; path = TFHppleElement.h; sourceTree = "<group>"; };
		01F981A3183537B20069C241 /* TFHppleElement.m */ = {isa = PBXFileReference; fileEncoding = 4; lastKnownFileType = sourcecode.c.objc; path = TFHppleElement.m; sourceTree = "<group>"; };
		01F981A4183537B20069C241 /* XPathQuery.h */ = {isa = PBXFileReference; fileEncoding = 4; lastKnownFileType = sourcecode.c.h; path = XPathQuery.h; sourceTree = "<group>"; };
		01F981A5183537B20069C241 /* XPathQuery.m */ = {isa = PBXFileReference; fileEncoding = 4; lastKnownFileType = sourcecode.c.objc; path = XPathQuery.m; sourceTree = "<group>"; };
		01F981A9183538D10069C241 /* libxml2.dylib */ = {isa = PBXFileReference; lastKnownFileType = "compiled.mach-o.dylib"; name = libxml2.dylib; path = usr/lib/libxml2.dylib; sourceTree = SDKROOT; };
		01F981AB183538DA0069C241 /* libxml2.dylib */ = {isa = PBXFileReference; lastKnownFileType = "compiled.mach-o.dylib"; name = libxml2.dylib; path = usr/lib/libxml2.dylib; sourceTree = SDKROOT; };
		01FB78A1183EA7EE0088C972 /* facebook.png */ = {isa = PBXFileReference; lastKnownFileType = image.png; path = facebook.png; sourceTree = "<group>"; };
		01FB78A2183EA7EE0088C972 /* twitter.png */ = {isa = PBXFileReference; lastKnownFileType = image.png; path = twitter.png; sourceTree = "<group>"; };
		01FB78A5183EA89A0088C972 /* magnifier_48.png */ = {isa = PBXFileReference; lastKnownFileType = image.png; path = magnifier_48.png; sourceTree = "<group>"; };
/* End PBXFileReference section */

/* Begin PBXFrameworksBuildPhase section */
		0170903317DBA8F80005EC0F /* Frameworks */ = {
			isa = PBXFrameworksBuildPhase;
			buildActionMask = 2147483647;
			files = (
				01F40DC418396A9200BFA783 /* MediaPlayer.framework in Frameworks */,
				01F40DC218396A8900BFA783 /* AVFoundation.framework in Frameworks */,
				01F40DC018396A7800BFA783 /* CoreMedia.framework in Frameworks */,
				01F981AA183538D10069C241 /* libxml2.dylib in Frameworks */,
				0170903A17DBA8F80005EC0F /* UIKit.framework in Frameworks */,
				0170903C17DBA8F80005EC0F /* Foundation.framework in Frameworks */,
				0170903E17DBA8F80005EC0F /* CoreGraphics.framework in Frameworks */,
				01CC43D817DBC685004916EA /* AVFoundation.framework in Frameworks */,
			);
			runOnlyForDeploymentPostprocessing = 0;
		};
		0170906317DBA8F80005EC0F /* Frameworks */ = {
			isa = PBXFrameworksBuildPhase;
			buildActionMask = 2147483647;
			files = (
				0170906917DBA8F80005EC0F /* SenTestingKit.framework in Frameworks */,
				0170906A17DBA8F80005EC0F /* UIKit.framework in Frameworks */,
				0170906B17DBA8F80005EC0F /* Foundation.framework in Frameworks */,
			);
			runOnlyForDeploymentPostprocessing = 0;
		};
/* End PBXFrameworksBuildPhase section */

/* Begin PBXGroup section */
		010F291817E21AE900DC3631 /* App Icon [Squared] */ = {
			isa = PBXGroup;
			children = (
				010F292117E21AE900DC3631 /* iTunesArtwork.png */,
				010F292217E21AE900DC3631 /* iTunesArtwork@2x.png */,
			);
			path = "App Icon [Squared]";
			sourceTree = "<group>";
		};
		0170902D17DBA8F80005EC0F = {
			isa = PBXGroup;
			children = (
				01F981AB183538DA0069C241 /* libxml2.dylib */,
				0170903F17DBA8F80005EC0F /* WRUW */,
				0170906E17DBA8F80005EC0F /* WRUWTests */,
				0170903817DBA8F80005EC0F /* Frameworks */,
				0170903717DBA8F80005EC0F /* Products */,
			);
			sourceTree = "<group>";
		};
		0170903717DBA8F80005EC0F /* Products */ = {
			isa = PBXGroup;
			children = (
				0170903617DBA8F80005EC0F /* WRUW.app */,
				0170906717DBA8F80005EC0F /* WRUWTests.octest */,
			);
			name = Products;
			sourceTree = "<group>";
		};
		0170903817DBA8F80005EC0F /* Frameworks */ = {
			isa = PBXGroup;
			children = (
				01F40DC318396A9200BFA783 /* MediaPlayer.framework */,
				01F40DC118396A8900BFA783 /* AVFoundation.framework */,
				01F40DBF18396A7800BFA783 /* CoreMedia.framework */,
				01F981A9183538D10069C241 /* libxml2.dylib */,
				01CC43D717DBC685004916EA /* AVFoundation.framework */,
				0170903917DBA8F80005EC0F /* UIKit.framework */,
				0170903B17DBA8F80005EC0F /* Foundation.framework */,
				0170903D17DBA8F80005EC0F /* CoreGraphics.framework */,
				0170906817DBA8F80005EC0F /* SenTestingKit.framework */,
			);
			name = Frameworks;
			sourceTree = "<group>";
		};
		0170903F17DBA8F80005EC0F /* WRUW */ = {
			isa = PBXGroup;
			children = (
				01F9819F183537A10069C241 /* hpple */,
				01F9819B1835373C0069C241 /* Model */,
				010F291817E21AE900DC3631 /* App Icon [Squared] */,
				0170904817DBA8F80005EC0F /* AppDelegate.h */,
				0170904917DBA8F80005EC0F /* AppDelegate.m */,
				0170905117DBA8F80005EC0F /* MainStoryboard.storyboard */,
				019316DD183B83A2007755E8 /* Shows ViewControllers */,
				01CAC82917DFACE400057340 /* images */,
				01418A9817DFA378006F9EB4 /* HomeViewController.h */,
				01418A9917DFA378006F9EB4 /* HomeViewController.m */,
				01418A9517DFA24B006F9EB4 /* FavoritesViewController.h */,
				01418A9617DFA24B006F9EB4 /* FavoritesViewController.m */,
				0170904017DBA8F80005EC0F /* Supporting Files */,
			);
			path = WRUW;
			sourceTree = "<group>";
		};
		0170904017DBA8F80005EC0F /* Supporting Files */ = {
			isa = PBXGroup;
			children = (
				0170904117DBA8F80005EC0F /* WRUW-Info.plist */,
				0170904217DBA8F80005EC0F /* InfoPlist.strings */,
				0170904517DBA8F80005EC0F /* main.m */,
				0170904717DBA8F80005EC0F /* WRUW-Prefix.pch */,
				01F40DC718396DD800BFA783 /* 1-03 Tribulations.mp3 */,
				01F40DC518396DB000BFA783 /* 01 Twin Peaks Theme.mp3 */,
				0170904B17DBA8F80005EC0F /* Default.png */,
				0170904D17DBA8F80005EC0F /* Default@2x.png */,
				0170904F17DBA8F80005EC0F /* Default-568h@2x.png */,
			);
			name = "Supporting Files";
			sourceTree = "<group>";
		};
		0170906E17DBA8F80005EC0F /* WRUWTests */ = {
			isa = PBXGroup;
			children = (
				0170907417DBA8F80005EC0F /* WRUWTests.h */,
				0170907517DBA8F80005EC0F /* WRUWTests.m */,
				0170906F17DBA8F80005EC0F /* Supporting Files */,
			);
			path = WRUWTests;
			sourceTree = "<group>";
		};
		0170906F17DBA8F80005EC0F /* Supporting Files */ = {
			isa = PBXGroup;
			children = (
				0170907017DBA8F80005EC0F /* WRUWTests-Info.plist */,
				0170907117DBA8F80005EC0F /* InfoPlist.strings */,
			);
			name = "Supporting Files";
			sourceTree = "<group>";
		};
		019316DD183B83A2007755E8 /* Shows ViewControllers */ = {
			isa = PBXGroup;
			children = (
				019316E1183B8637007755E8 /* ArchiveTable */,
				011FECDB1836A506009B5BFA /* ShowsTableViewController.h */,
				011FECDC1836A506009B5BFA /* ShowsTableViewController.m */,
				011FECDE1836A531009B5BFA /* DisplayViewController.h */,
				011FECDF1836A531009B5BFA /* DisplayViewController.m */,
				015B6380183B274F00942BE5 /* PlaylistsTableViewController.h */,
				015B6381183B274F00942BE5 /* PlaylistsTableViewController.m */,
			);
			name = "Shows ViewControllers";
			sourceTree = "<group>";
		};
		019316E1183B8637007755E8 /* ArchiveTable */ = {
			isa = PBXGroup;
			children = (
				019316D7183B5731007755E8 /* ArchiveTableViewController.h */,
				019316D8183B5731007755E8 /* ArchiveTableViewController.m */,
				01CFAA54183BA0C200535F96 /* SongTableViewCell.h */,
				01CFAA55183BA0C200535F96 /* SongTableViewCell.m */,
				01CFAA57183BA0ED00535F96 /* SongTableViewCell.xib */,
			);
			name = ArchiveTable;
			sourceTree = "<group>";
		};
		01CAC82917DFACE400057340 /* images */ = {
			isa = PBXGroup;
			children = (
				01FB78A5183EA89A0088C972 /* magnifier_48.png */,
				01FB78A1183EA7EE0088C972 /* facebook.png */,
				01FB78A2183EA7EE0088C972 /* twitter.png */,
				01947CCA17E238A400173474 /* Default@2x.png */,
				01947CC817E2389500173474 /* Default.png */,
				01947CC617E22A4000173474 /* Default-568h@2x.png */,
				010F292F17E21F1600DC3631 /* Icon@2x.png */,
				010F292D17E21F1400DC3631 /* Icon.png */,
				01CAC83217DFADC300057340 /* heart_24.png */,
				01CAC83317DFADC300057340 /* home_24.png */,
				01CAC82A17DFAD6500057340 /* heart_48.png */,
				01CAC82B17DFAD6500057340 /* heart_64.png */,
				01CAC82C17DFAD6500057340 /* home_48.png */,
				01CAC82D17DFAD6500057340 /* home_64.png */,
				0170905E17DBA8F80005EC0F /* second.png */,
				0170906017DBA8F80005EC0F /* second@2x.png */,
				0170905717DBA8F80005EC0F /* first.png */,
				0170905917DBA8F80005EC0F /* first@2x.png */,
			);
			path = images;
			sourceTree = "<group>";
		};
		01F9819B1835373C0069C241 /* Model */ = {
			isa = PBXGroup;
			children = (
				011FECD81836A2B6009B5BFA /* Show.h */,
				011FECD91836A2B6009B5BFA /* Show.m */,
				01F40DC918398F1500BFA783 /* Playlist.h */,
				01F40DCA18398F1500BFA783 /* Playlist.m */,
				019316DA183B5E67007755E8 /* Song.h */,
				019316DB183B5E67007755E8 /* Song.m */,
			);
			name = Model;
			sourceTree = "<group>";
		};
		01F9819F183537A10069C241 /* hpple */ = {
			isa = PBXGroup;
			children = (
				01F981A0183537B20069C241 /* TFHpple.h */,
				01F981A1183537B20069C241 /* TFHpple.m */,
				01F981A2183537B20069C241 /* TFHppleElement.h */,
				01F981A3183537B20069C241 /* TFHppleElement.m */,
				01F981A4183537B20069C241 /* XPathQuery.h */,
				01F981A5183537B20069C241 /* XPathQuery.m */,
			);
			name = hpple;
			sourceTree = "<group>";
		};
/* End PBXGroup section */

/* Begin PBXNativeTarget section */
		0170903517DBA8F80005EC0F /* WRUW */ = {
			isa = PBXNativeTarget;
			buildConfigurationList = 0170907917DBA8F80005EC0F /* Build configuration list for PBXNativeTarget "WRUW" */;
			buildPhases = (
				0170903217DBA8F80005EC0F /* Sources */,
				0170903317DBA8F80005EC0F /* Frameworks */,
				0170903417DBA8F80005EC0F /* Resources */,
			);
			buildRules = (
			);
			dependencies = (
			);
			name = WRUW;
			productName = WRUW;
			productReference = 0170903617DBA8F80005EC0F /* WRUW.app */;
			productType = "com.apple.product-type.application";
		};
		0170906617DBA8F80005EC0F /* WRUWTests */ = {
			isa = PBXNativeTarget;
			buildConfigurationList = 0170907C17DBA8F80005EC0F /* Build configuration list for PBXNativeTarget "WRUWTests" */;
			buildPhases = (
				0170906217DBA8F80005EC0F /* Sources */,
				0170906317DBA8F80005EC0F /* Frameworks */,
				0170906417DBA8F80005EC0F /* Resources */,
				0170906517DBA8F80005EC0F /* ShellScript */,
			);
			buildRules = (
			);
			dependencies = (
				0170906D17DBA8F80005EC0F /* PBXTargetDependency */,
			);
			name = WRUWTests;
			productName = WRUWTests;
			productReference = 0170906717DBA8F80005EC0F /* WRUWTests.octest */;
			productType = "com.apple.product-type.bundle";
		};
/* End PBXNativeTarget section */

/* Begin PBXProject section */
		0170902E17DBA8F80005EC0F /* Project object */ = {
			isa = PBXProject;
			attributes = {
				LastUpgradeCheck = 0500;
				ORGANIZATIONNAME = "Nick Jordan";
			};
			buildConfigurationList = 0170903117DBA8F80005EC0F /* Build configuration list for PBXProject "WRUW" */;
			compatibilityVersion = "Xcode 3.2";
			developmentRegion = English;
			hasScannedForEncodings = 0;
			knownRegions = (
				en,
			);
			mainGroup = 0170902D17DBA8F80005EC0F;
			productRefGroup = 0170903717DBA8F80005EC0F /* Products */;
			projectDirPath = "";
			projectRoot = "";
			targets = (
				0170903517DBA8F80005EC0F /* WRUW */,
				0170906617DBA8F80005EC0F /* WRUWTests */,
			);
		};
/* End PBXProject section */

/* Begin PBXResourcesBuildPhase section */
		0170903417DBA8F80005EC0F /* Resources */ = {
			isa = PBXResourcesBuildPhase;
			buildActionMask = 2147483647;
			files = (
				0170904417DBA8F80005EC0F /* InfoPlist.strings in Resources */,
				0170904C17DBA8F80005EC0F /* Default.png in Resources */,
				0170904E17DBA8F80005EC0F /* Default@2x.png in Resources */,
				0170905017DBA8F80005EC0F /* Default-568h@2x.png in Resources */,
				01FB78A6183EA89A0088C972 /* magnifier_48.png in Resources */,
				0170905317DBA8F80005EC0F /* MainStoryboard.storyboard in Resources */,
				01CFAA58183BA0ED00535F96 /* SongTableViewCell.xib in Resources */,
				0170905817DBA8F80005EC0F /* first.png in Resources */,
				0170905A17DBA8F80005EC0F /* first@2x.png in Resources */,
				0170905F17DBA8F80005EC0F /* second.png in Resources */,
				0170906117DBA8F80005EC0F /* second@2x.png in Resources */,
				01F40DC618396DB000BFA783 /* 01 Twin Peaks Theme.mp3 in Resources */,
				01CAC82E17DFAD6500057340 /* heart_48.png in Resources */,
				01CAC82F17DFAD6500057340 /* heart_64.png in Resources */,
				01F40DC818396DD800BFA783 /* 1-03 Tribulations.mp3 in Resources */,
				01CAC83017DFAD6500057340 /* home_48.png in Resources */,
				01CAC83117DFAD6500057340 /* home_64.png in Resources */,
				01CAC83417DFADC300057340 /* heart_24.png in Resources */,
				01CAC83517DFADC300057340 /* home_24.png in Resources */,
				010F292B17E21AE900DC3631 /* iTunesArtwork.png in Resources */,
				010F292C17E21AE900DC3631 /* iTunesArtwork@2x.png in Resources */,
				010F292E17E21F1400DC3631 /* Icon.png in Resources */,
				010F293017E21F1600DC3631 /* Icon@2x.png in Resources */,
				01947CC717E22A4000173474 /* Default-568h@2x.png in Resources */,
				01FB78A3183EA7EE0088C972 /* facebook.png in Resources */,
				01FB78A4183EA7EE0088C972 /* twitter.png in Resources */,
				01947CC917E2389500173474 /* Default.png in Resources */,
				01947CCB17E238A400173474 /* Default@2x.png in Resources */,
			);
			runOnlyForDeploymentPostprocessing = 0;
		};
		0170906417DBA8F80005EC0F /* Resources */ = {
			isa = PBXResourcesBuildPhase;
			buildActionMask = 2147483647;
			files = (
				0170907317DBA8F80005EC0F /* InfoPlist.strings in Resources */,
			);
			runOnlyForDeploymentPostprocessing = 0;
		};
/* End PBXResourcesBuildPhase section */

/* Begin PBXShellScriptBuildPhase section */
		0170906517DBA8F80005EC0F /* ShellScript */ = {
			isa = PBXShellScriptBuildPhase;
			buildActionMask = 2147483647;
			files = (
			);
			inputPaths = (
			);
			outputPaths = (
			);
			runOnlyForDeploymentPostprocessing = 0;
			shellPath = /bin/sh;
			shellScript = "# Run the unit tests in this test bundle.\n\"${SYSTEM_DEVELOPER_DIR}/Tools/RunUnitTests\"\n";
		};
/* End PBXShellScriptBuildPhase section */

/* Begin PBXSourcesBuildPhase section */
		0170903217DBA8F80005EC0F /* Sources */ = {
			isa = PBXSourcesBuildPhase;
			buildActionMask = 2147483647;
			files = (
				019316DC183B5E67007755E8 /* Song.m in Sources */,
				011FECDD1836A506009B5BFA /* ShowsTableViewController.m in Sources */,
				01F981A7183537B20069C241 /* TFHppleElement.m in Sources */,
				01F981A8183537B20069C241 /* XPathQuery.m in Sources */,
				011FECDA1836A2B6009B5BFA /* Show.m in Sources */,
				01F981A6183537B20069C241 /* TFHpple.m in Sources */,
				015B6382183B274F00942BE5 /* PlaylistsTableViewController.m in Sources */,
				011FECE01836A531009B5BFA /* DisplayViewController.m in Sources */,
				01CFAA56183BA0C200535F96 /* SongTableViewCell.m in Sources */,
				0170904617DBA8F80005EC0F /* main.m in Sources */,
				01F40DCB18398F1500BFA783 /* Playlist.m in Sources */,
				0170904A17DBA8F80005EC0F /* AppDelegate.m in Sources */,
				01418A9717DFA24B006F9EB4 /* FavoritesViewController.m in Sources */,
				019316D9183B5731007755E8 /* ArchiveTableViewController.m in Sources */,
				01418A9A17DFA378006F9EB4 /* HomeViewController.m in Sources */,
			);
			runOnlyForDeploymentPostprocessing = 0;
		};
		0170906217DBA8F80005EC0F /* Sources */ = {
			isa = PBXSourcesBuildPhase;
			buildActionMask = 2147483647;
			files = (
				0170907617DBA8F80005EC0F /* WRUWTests.m in Sources */,
			);
			runOnlyForDeploymentPostprocessing = 0;
		};
/* End PBXSourcesBuildPhase section */

/* Begin PBXTargetDependency section */
		0170906D17DBA8F80005EC0F /* PBXTargetDependency */ = {
			isa = PBXTargetDependency;
			target = 0170903517DBA8F80005EC0F /* WRUW */;
			targetProxy = 0170906C17DBA8F80005EC0F /* PBXContainerItemProxy */;
		};
/* End PBXTargetDependency section */

/* Begin PBXVariantGroup section */
		0170904217DBA8F80005EC0F /* InfoPlist.strings */ = {
			isa = PBXVariantGroup;
			children = (
				0170904317DBA8F80005EC0F /* en */,
			);
			name = InfoPlist.strings;
			sourceTree = "<group>";
		};
		0170905117DBA8F80005EC0F /* MainStoryboard.storyboard */ = {
			isa = PBXVariantGroup;
			children = (
				0170905217DBA8F80005EC0F /* en */,
			);
			name = MainStoryboard.storyboard;
			sourceTree = "<group>";
		};
		0170907117DBA8F80005EC0F /* InfoPlist.strings */ = {
			isa = PBXVariantGroup;
			children = (
				0170907217DBA8F80005EC0F /* en */,
			);
			name = InfoPlist.strings;
			sourceTree = "<group>";
		};
/* End PBXVariantGroup section */

/* Begin XCBuildConfiguration section */
		0170907717DBA8F80005EC0F /* Debug */ = {
			isa = XCBuildConfiguration;
			buildSettings = {
				ALWAYS_SEARCH_USER_PATHS = NO;
				CLANG_CXX_LANGUAGE_STANDARD = "gnu++0x";
				CLANG_CXX_LIBRARY = "libc++";
				CLANG_ENABLE_OBJC_ARC = YES;
				CLANG_WARN_CONSTANT_CONVERSION = YES;
				CLANG_WARN_EMPTY_BODY = YES;
				CLANG_WARN_ENUM_CONVERSION = YES;
				CLANG_WARN_INT_CONVERSION = YES;
				CLANG_WARN__DUPLICATE_METHOD_MATCH = YES;
				"CODE_SIGN_IDENTITY[sdk=iphoneos*]" = "iPhone Developer";
				COPY_PHASE_STRIP = NO;
				GCC_C_LANGUAGE_STANDARD = gnu99;
				GCC_DYNAMIC_NO_PIC = NO;
				GCC_OPTIMIZATION_LEVEL = 0;
				GCC_PREPROCESSOR_DEFINITIONS = (
					"DEBUG=1",
					"$(inherited)",
				);
				GCC_SYMBOLS_PRIVATE_EXTERN = NO;
				GCC_WARN_ABOUT_RETURN_TYPE = YES;
				GCC_WARN_UNINITIALIZED_AUTOS = YES;
				GCC_WARN_UNUSED_VARIABLE = YES;
				HEADER_SEARCH_PATHS = (
					"$(SDKROOT)/usr/include/libxml2",
					"$(inherited)",
					/Applications/Xcode.app/Contents/Developer/Toolchains/XcodeDefault.xctoolchain/usr/include,
				);
				IPHONEOS_DEPLOYMENT_TARGET = 6.1;
				ONLY_ACTIVE_ARCH = YES;
				SDKROOT = iphoneos;
			};
			name = Debug;
		};
		0170907817DBA8F80005EC0F /* Release */ = {
			isa = XCBuildConfiguration;
			buildSettings = {
				ALWAYS_SEARCH_USER_PATHS = NO;
				CLANG_CXX_LANGUAGE_STANDARD = "gnu++0x";
				CLANG_CXX_LIBRARY = "libc++";
				CLANG_ENABLE_OBJC_ARC = YES;
				CLANG_WARN_CONSTANT_CONVERSION = YES;
				CLANG_WARN_EMPTY_BODY = YES;
				CLANG_WARN_ENUM_CONVERSION = YES;
				CLANG_WARN_INT_CONVERSION = YES;
				CLANG_WARN__DUPLICATE_METHOD_MATCH = YES;
				"CODE_SIGN_IDENTITY[sdk=iphoneos*]" = "iPhone Developer";
				COPY_PHASE_STRIP = YES;
				GCC_C_LANGUAGE_STANDARD = gnu99;
				GCC_WARN_ABOUT_RETURN_TYPE = YES;
				GCC_WARN_UNINITIALIZED_AUTOS = YES;
				GCC_WARN_UNUSED_VARIABLE = YES;
				HEADER_SEARCH_PATHS = (
					"$(SDKROOT)/usr/include/libxml2",
					"$(inherited)",
					/Applications/Xcode.app/Contents/Developer/Toolchains/XcodeDefault.xctoolchain/usr/include,
				);
				IPHONEOS_DEPLOYMENT_TARGET = 6.1;
				OTHER_CFLAGS = "-DNS_BLOCK_ASSERTIONS=1";
				SDKROOT = iphoneos;
				VALIDATE_PRODUCT = YES;
			};
			name = Release;
		};
		0170907A17DBA8F80005EC0F /* Debug */ = {
			isa = XCBuildConfiguration;
			buildSettings = {
				GCC_PRECOMPILE_PREFIX_HEADER = YES;
				GCC_PREFIX_HEADER = "WRUW/WRUW-Prefix.pch";
				INFOPLIST_FILE = "WRUW/WRUW-Info.plist";
				PRODUCT_NAME = "$(TARGET_NAME)";
				WRAPPER_EXTENSION = app;
			};
			name = Debug;
		};
		0170907B17DBA8F80005EC0F /* Release */ = {
			isa = XCBuildConfiguration;
			buildSettings = {
				GCC_PRECOMPILE_PREFIX_HEADER = YES;
				GCC_PREFIX_HEADER = "WRUW/WRUW-Prefix.pch";
				INFOPLIST_FILE = "WRUW/WRUW-Info.plist";
				PRODUCT_NAME = "$(TARGET_NAME)";
				WRAPPER_EXTENSION = app;
			};
			name = Release;
		};
		0170907D17DBA8F80005EC0F /* Debug */ = {
			isa = XCBuildConfiguration;
			buildSettings = {
				BUNDLE_LOADER = "$(BUILT_PRODUCTS_DIR)/WRUW.app/WRUW";
				FRAMEWORK_SEARCH_PATHS = (
					"\"$(SDKROOT)/Developer/Library/Frameworks\"",
					"\"$(DEVELOPER_LIBRARY_DIR)/Frameworks\"",
				);
				GCC_PRECOMPILE_PREFIX_HEADER = YES;
				GCC_PREFIX_HEADER = "WRUW/WRUW-Prefix.pch";
				INFOPLIST_FILE = "WRUWTests/WRUWTests-Info.plist";
				PRODUCT_NAME = "$(TARGET_NAME)";
				TEST_HOST = "$(BUNDLE_LOADER)";
				WRAPPER_EXTENSION = octest;
			};
			name = Debug;
		};
		0170907E17DBA8F80005EC0F /* Release */ = {
			isa = XCBuildConfiguration;
			buildSettings = {
				BUNDLE_LOADER = "$(BUILT_PRODUCTS_DIR)/WRUW.app/WRUW";
				FRAMEWORK_SEARCH_PATHS = (
					"\"$(SDKROOT)/Developer/Library/Frameworks\"",
					"\"$(DEVELOPER_LIBRARY_DIR)/Frameworks\"",
				);
				GCC_PRECOMPILE_PREFIX_HEADER = YES;
				GCC_PREFIX_HEADER = "WRUW/WRUW-Prefix.pch";
				INFOPLIST_FILE = "WRUWTests/WRUWTests-Info.plist";
				PRODUCT_NAME = "$(TARGET_NAME)";
				TEST_HOST = "$(BUNDLE_LOADER)";
				WRAPPER_EXTENSION = octest;
			};
			name = Release;
		};
/* End XCBuildConfiguration section */

/* Begin XCConfigurationList section */
		0170903117DBA8F80005EC0F /* Build configuration list for PBXProject "WRUW" */ = {
			isa = XCConfigurationList;
			buildConfigurations = (
				0170907717DBA8F80005EC0F /* Debug */,
				0170907817DBA8F80005EC0F /* Release */,
			);
			defaultConfigurationIsVisible = 0;
			defaultConfigurationName = Release;
		};
		0170907917DBA8F80005EC0F /* Build configuration list for PBXNativeTarget "WRUW" */ = {
			isa = XCConfigurationList;
			buildConfigurations = (
				0170907A17DBA8F80005EC0F /* Debug */,
				0170907B17DBA8F80005EC0F /* Release */,
			);
			defaultConfigurationIsVisible = 0;
			defaultConfigurationName = Release;
		};
		0170907C17DBA8F80005EC0F /* Build configuration list for PBXNativeTarget "WRUWTests" */ = {
			isa = XCConfigurationList;
			buildConfigurations = (
				0170907D17DBA8F80005EC0F /* Debug */,
				0170907E17DBA8F80005EC0F /* Release */,
			);
			defaultConfigurationIsVisible = 0;
			defaultConfigurationName = Release;
		};
/* End XCConfigurationList section */
	};
	rootObject = 0170902E17DBA8F80005EC0F /* Project object */;
}
